
Microsoft Visual Studio Solution File, Format Version 12.00
# Visual Studio 15
VisualStudioVersion = 15.0.27428.2037
MinimumVisualStudioVersion = 10.0.40219.1
Project("{FAE04EC0-301F-11D3-BF4B-00C04F79EFBC}") = "HarjutusApp", "HarjutusApp\HarjutusApp.csproj", "{E0DC6F4E-50C0-49B0-8168-6A8C8ACEA0B9}"
EndProject
Global
	GlobalSection(SolutionConfigurationPlatforms) = preSolution
		Debug|Any CPU = Debug|Any CPU
		Release|Any CPU = Release|Any CPU
	EndGlobalSection
	GlobalSection(ProjectConfigurationPlatforms) = postSolution
		{E0DC6F4E-50C0-49B0-8168-6A8C8ACEA0B9}.Debug|Any CPU.ActiveCfg = Debug|Any CPU
		{E0DC6F4E-50C0-49B0-8168-6A8C8ACEA0B9}.Debug|Any CPU.Build.0 = Debug|Any CPU
		{E0DC6F4E-50C0-49B0-8168-6A8C8ACEA0B9}.Release|Any CPU.ActiveCfg = Release|Any CPU
		{E0DC6F4E-50C0-49B0-8168-6A8C8ACEA0B9}.Release|Any CPU.Build.0 = Release|Any CPU
	EndGlobalSection
	GlobalSection(SolutionProperties) = preSolution
		HideSolutionNode = FALSE
	EndGlobalSection
	GlobalSection(ExtensibilityGlobals) = postSolution
		SolutionGuid = {B535A200-83D7-44B9-B7DB-9CEEA90477C7}
	EndGlobalSection
EndGlobal
